// !$*UTF8*$!
{
	archiveVersion = 1;
	classes = {
	};
	objectVersion = 56;
	objects = {

/* Begin PBXBuildFile section */
		262FEC742D7C5F6B00FCDB66 /* AppDelegate.swift in Sources */ = {isa = PBXBuildFile; fileRef = 262FEC732D7C5F6B00FCDB66 /* AppDelegate.swift */; };
		262FEC762D7C5F6C00FCDB66 /* Assets.xcassets in Resources */ = {isa = PBXBuildFile; fileRef = 262FEC752D7C5F6C00FCDB66 /* Assets.xcassets */; };
		262FEC792D7C5F6C00FCDB66 /* Base in Resources */ = {isa = PBXBuildFile; fileRef = 262FEC782D7C5F6C00FCDB66 /* Base */; };
		266274602D7D756A00221A68 /* LabelBasedViewController.swift in Sources */ = {isa = PBXBuildFile; fileRef = 2662745F2D7D756A00221A68 /* LabelBasedViewController.swift */; };
		266274652D7D767500221A68 /* ResizingLayerView.swift in Sources */ = {isa = PBXBuildFile; fileRef = 266274642D7D767500221A68 /* ResizingLayerView.swift */; };
		266274672D7D799C00221A68 /* LayerBasedViewController.swift in Sources */ = {isa = PBXBuildFile; fileRef = 266274662D7D799C00221A68 /* LayerBasedViewController.swift */; };
/* End PBXBuildFile section */

/* Begin PBXFileReference section */
		262FEC702D7C5F6B00FCDB66 /* TestZoomAndFullScreen15_4.app */ = {isa = PBXFileReference; explicitFileType = wrapper.application; includeInIndex = 0; path = TestZoomAndFullScreen15_4.app; sourceTree = BUILT_PRODUCTS_DIR; };
		262FEC732D7C5F6B00FCDB66 /* AppDelegate.swift */ = {isa = PBXFileReference; lastKnownFileType = sourcecode.swift; path = AppDelegate.swift; sourceTree = "<group>"; };
		262FEC752D7C5F6C00FCDB66 /* Assets.xcassets */ = {isa = PBXFileReference; lastKnownFileType = folder.assetcatalog; path = Assets.xcassets; sourceTree = "<group>"; };
		262FEC782D7C5F6C00FCDB66 /* Base */ = {isa = PBXFileReference; lastKnownFileType = file.xib; name = Base; path = Base.lproj/MainMenu.xib; sourceTree = "<group>"; };
		262FEC7A2D7C5F6C00FCDB66 /* TestZoomAndFullScreen15_4.entitlements */ = {isa = PBXFileReference; lastKnownFileType = text.plist.entitlements; path = TestZoomAndFullScreen15_4.entitlements; sourceTree = "<group>"; };
		2662745F2D7D756A00221A68 /* LabelBasedViewController.swift */ = {isa = PBXFileReference; fileEncoding = 4; lastKnownFileType = sourcecode.swift; path = LabelBasedViewController.swift; sourceTree = "<group>"; };
		266274642D7D767500221A68 /* ResizingLayerView.swift */ = {isa = PBXFileReference; lastKnownFileType = sourcecode.swift; path = ResizingLayerView.swift; sourceTree = "<group>"; };
		266274662D7D799C00221A68 /* LayerBasedViewController.swift */ = {isa = PBXFileReference; lastKnownFileType = sourcecode.swift; path = LayerBasedViewController.swift; sourceTree = "<group>"; };
/* End PBXFileReference section */

/* Begin PBXFrameworksBuildPhase section */
		262FEC6D2D7C5F6B00FCDB66 /* Frameworks */ = {
			isa = PBXFrameworksBuildPhase;
			buildActionMask = 2147483647;
			files = (
			);
			runOnlyForDeploymentPostprocessing = 0;
		};
/* End PBXFrameworksBuildPhase section */

/* Begin PBXGroup section */
		262FEC672D7C5F6B00FCDB66 = {
			isa = PBXGroup;
			children = (
				262FEC722D7C5F6B00FCDB66 /* TestZoomAndFullScreen15_4 */,
				262FEC712D7C5F6B00FCDB66 /* Products */,
			);
			sourceTree = "<group>";
		};
		262FEC712D7C5F6B00FCDB66 /* Products */ = {
			isa = PBXGroup;
			children = (
				262FEC702D7C5F6B00FCDB66 /* TestZoomAndFullScreen15_4.app */,
			);
			name = Products;
			sourceTree = "<group>";
		};
		262FEC722D7C5F6B00FCDB66 /* TestZoomAndFullScreen15_4 */ = {
			isa = PBXGroup;
			children = (
				2662745F2D7D756A00221A68 /* LabelBasedViewController.swift */,
				266274662D7D799C00221A68 /* LayerBasedViewController.swift */,
				266274642D7D767500221A68 /* ResizingLayerView.swift */,
				262FEC732D7C5F6B00FCDB66 /* AppDelegate.swift */,
				262FEC752D7C5F6C00FCDB66 /* Assets.xcassets */,
				262FEC772D7C5F6C00FCDB66 /* MainMenu.xib */,
				262FEC7A2D7C5F6C00FCDB66 /* TestZoomAndFullScreen15_4.entitlements */,
			);
			path = TestZoomAndFullScreen15_4;
			sourceTree = "<group>";
		};
/* End PBXGroup section */

/* Begin PBXNativeTarget section */
		262FEC6F2D7C5F6B00FCDB66 /* TestZoomAndFullScreen15_4 */ = {
			isa = PBXNativeTarget;
			buildConfigurationList = 262FEC932D7C5F6C00FCDB66 /* Build configuration list for PBXNativeTarget "TestZoomAndFullScreen15_4" */;
			buildPhases = (
				262FEC6C2D7C5F6B00FCDB66 /* Sources */,
				262FEC6D2D7C5F6B00FCDB66 /* Frameworks */,
				262FEC6E2D7C5F6B00FCDB66 /* Resources */,
			);
			buildRules = (
			);
			dependencies = (
			);
			name = TestZoomAndFullScreen15_4;
			productName = TestZoomAndFullScreen15_4;
			productReference = 262FEC702D7C5F6B00FCDB66 /* TestZoomAndFullScreen15_4.app */;
			productType = "com.apple.product-type.application";
		};
/* End PBXNativeTarget section */

/* Begin PBXProject section */
		262FEC682D7C5F6B00FCDB66 /* Project object */ = {
			isa = PBXProject;
			attributes = {
				BuildIndependentTargetsInParallel = 1;
				LastSwiftUpdateCheck = 1540;
				LastUpgradeCheck = 1540;
				TargetAttributes = {
					262FEC6F2D7C5F6B00FCDB66 = {
						CreatedOnToolsVersion = 15.4;
					};
				};
			};
			buildConfigurationList = 262FEC6B2D7C5F6B00FCDB66 /* Build configuration list for PBXProject "TestZoomAndFullScreen15_4" */;
			compatibilityVersion = "Xcode 14.0";
			developmentRegion = en;
			hasScannedForEncodings = 0;
			knownRegions = (
				en,
				Base,
			);
			mainGroup = 262FEC672D7C5F6B00FCDB66;
			productRefGroup = 262FEC712D7C5F6B00FCDB66 /* Products */;
			projectDirPath = "";
			projectRoot = "";
			targets = (
				262FEC6F2D7C5F6B00FCDB66 /* TestZoomAndFullScreen15_4 */,
			);
		};
/* End PBXProject section */

/* Begin PBXResourcesBuildPhase section */
		262FEC6E2D7C5F6B00FCDB66 /* Resources */ = {
			isa = PBXResourcesBuildPhase;
			buildActionMask = 2147483647;
			files = (
				262FEC762D7C5F6C00FCDB66 /* Assets.xcassets in Resources */,
				262FEC792D7C5F6C00FCDB66 /* Base in Resources */,
			);
			runOnlyForDeploymentPostprocessing = 0;
		};
/* End PBXResourcesBuildPhase section */

/* Begin PBXSourcesBuildPhase section */
		262FEC6C2D7C5F6B00FCDB66 /* Sources */ = {
			isa = PBXSourcesBuildPhase;
			buildActionMask = 2147483647;
			files = (
				266274652D7D767500221A68 /* ResizingLayerView.swift in Sources */,
				266274602D7D756A00221A68 /* LabelBasedViewController.swift in Sources */,
				262FEC742D7C5F6B00FCDB66 /* AppDelegate.swift in Sources */,
				266274672D7D799C00221A68 /* LayerBasedViewController.swift in Sources */,
			);
			runOnlyForDeploymentPostprocessing = 0;
		};
/* End PBXSourcesBuildPhase section */

/* Begin PBXVariantGroup section */
		262FEC772D7C5F6C00FCDB66 /* MainMenu.xib */ = {
			isa = PBXVariantGroup;
			children = (
				262FEC782D7C5F6C00FCDB66 /* Base */,
			);
			name = MainMenu.xib;
			sourceTree = "<group>";
		};
/* End PBXVariantGroup section */

/* Begin XCBuildConfiguration section */
		262FEC912D7C5F6C00FCDB66 /* Debug */ = {
			isa = XCBuildConfiguration;
			buildSettings = {
				ALWAYS_SEARCH_USER_PATHS = NO;
				ASSETCATALOG_COMPILER_GENERATE_SWIFT_ASSET_SYMBOL_EXTENSIONS = YES;
				CLANG_ANALYZER_NONNULL = YES;
				CLANG_ANALYZER_NUMBER_OBJECT_CONVERSION = YES_AGGRESSIVE;
				CLANG_CXX_LANGUAGE_STANDARD = "gnu++20";
				CLANG_ENABLE_MODULES = YES;
				CLANG_ENABLE_OBJC_ARC = YES;
				CLANG_ENABLE_OBJC_WEAK = YES;
				CLANG_WARN_BLOCK_CAPTURE_AUTORELEASING = YES;
				CLANG_WARN_BOOL_CONVERSION = YES;
				CLANG_WARN_COMMA = YES;
				CLANG_WARN_CONSTANT_CONVERSION = YES;
				CLANG_WARN_DEPRECATED_OBJC_IMPLEMENTATIONS = YES;
				CLANG_WARN_DIRECT_OBJC_ISA_USAGE = YES_ERROR;
				CLANG_WARN_DOCUMENTATION_COMMENTS = YES;
				CLANG_WARN_EMPTY_BODY = YES;
				CLANG_WARN_ENUM_CONVERSION = YES;
				CLANG_WARN_INFINITE_RECURSION = YES;
				CLANG_WARN_INT_CONVERSION = YES;
				CLANG_WARN_NON_LITERAL_NULL_CONVERSION = YES;
				CLANG_WARN_OBJC_IMPLICIT_RETAIN_SELF = YES;
				CLANG_WARN_OBJC_LITERAL_CONVERSION = YES;
				CLANG_WARN_OBJC_ROOT_CLASS = YES_ERROR;
				CLANG_WARN_QUOTED_INCLUDE_IN_FRAMEWORK_HEADER = YES;
				CLANG_WARN_RANGE_LOOP_ANALYSIS = YES;
				CLANG_WARN_STRICT_PROTOTYPES = YES;
				CLANG_WARN_SUSPICIOUS_MOVE = YES;
				CLANG_WARN_UNGUARDED_AVAILABILITY = YES_AGGRESSIVE;
				CLANG_WARN_UNREACHABLE_CODE = YES;
				CLANG_WARN__DUPLICATE_METHOD_MATCH = YES;
				COPY_PHASE_STRIP = NO;
				DEBUG_INFORMATION_FORMAT = dwarf;
				ENABLE_STRICT_OBJC_MSGSEND = YES;
				ENABLE_TESTABILITY = YES;
				ENABLE_USER_SCRIPT_SANDBOXING = YES;
				GCC_C_LANGUAGE_STANDARD = gnu17;
				GCC_DYNAMIC_NO_PIC = NO;
				GCC_NO_COMMON_BLOCKS = YES;
				GCC_OPTIMIZATION_LEVEL = 0;
				GCC_PREPROCESSOR_DEFINITIONS = (
					"DEBUG=1",
					"$(inherited)",
				);
				GCC_WARN_64_TO_32_BIT_CONVERSION = YES;
				GCC_WARN_ABOUT_RETURN_TYPE = YES_ERROR;
				GCC_WARN_UNDECLARED_SELECTOR = YES;
				GCC_WARN_UNINITIALIZED_AUTOS = YES_AGGRESSIVE;
				GCC_WARN_UNUSED_FUNCTION = YES;
				GCC_WARN_UNUSED_VARIABLE = YES;
				LOCALIZATION_PREFERS_STRING_CATALOGS = YES;
				MACOSX_DEPLOYMENT_TARGET = 14.5;
				MTL_ENABLE_DEBUG_INFO = INCLUDE_SOURCE;
				MTL_FAST_MATH = YES;
				ONLY_ACTIVE_ARCH = YES;
				SDKROOT = macosx;
				SWIFT_ACTIVE_COMPILATION_CONDITIONS = "DEBUG $(inherited)";
				SWIFT_OPTIMIZATION_LEVEL = "-Onone";
			};
			name = Debug;
		};
		262FEC922D7C5F6C00FCDB66 /* Release */ = {
			isa = XCBuildConfiguration;
			buildSettings = {
				ALWAYS_SEARCH_USER_PATHS = NO;
				ASSETCATALOG_COMPILER_GENERATE_SWIFT_ASSET_SYMBOL_EXTENSIONS = YES;
				CLANG_ANALYZER_NONNULL = YES;
				CLANG_ANALYZER_NUMBER_OBJECT_CONVERSION = YES_AGGRESSIVE;
				CLANG_CXX_LANGUAGE_STANDARD = "gnu++20";
				CLANG_ENABLE_MODULES = YES;
				CLANG_ENABLE_OBJC_ARC = YES;
				CLANG_ENABLE_OBJC_WEAK = YES;
				CLANG_WARN_BLOCK_CAPTURE_AUTORELEASING = YES;
				CLANG_WARN_BOOL_CONVERSION = YES;
				CLANG_WARN_COMMA = YES;
				CLANG_WARN_CONSTANT_CONVERSION = YES;
				CLANG_WARN_DEPRECATED_OBJC_IMPLEMENTATIONS = YES;
				CLANG_WARN_DIRECT_OBJC_ISA_USAGE = YES_ERROR;
				CLANG_WARN_DOCUMENTATION_COMMENTS = YES;
				CLANG_WARN_EMPTY_BODY = YES;
				CLANG_WARN_ENUM_CONVERSION = YES;
				CLANG_WARN_INFINITE_RECURSION = YES;
				CLANG_WARN_INT_CONVERSION = YES;
				CLANG_WARN_NON_LITERAL_NULL_CONVERSION = YES;
				CLANG_WARN_OBJC_IMPLICIT_RETAIN_SELF = YES;
				CLANG_WARN_OBJC_LITERAL_CONVERSION = YES;
				CLANG_WARN_OBJC_ROOT_CLASS = YES_ERROR;
				CLANG_WARN_QUOTED_INCLUDE_IN_FRAMEWORK_HEADER = YES;
				CLANG_WARN_RANGE_LOOP_ANALYSIS = YES;
				CLANG_WARN_STRICT_PROTOTYPES = YES;
				CLANG_WARN_SUSPICIOUS_MOVE = YES;
				CLANG_WARN_UNGUARDED_AVAILABILITY = YES_AGGRESSIVE;
				CLANG_WARN_UNREACHABLE_CODE = YES;
				CLANG_WARN__DUPLICATE_METHOD_MATCH = YES;
				COPY_PHASE_STRIP = NO;
				DEBUG_INFORMATION_FORMAT = "dwarf-with-dsym";
				ENABLE_NS_ASSERTIONS = NO;
				ENABLE_STRICT_OBJC_MSGSEND = YES;
				ENABLE_USER_SCRIPT_SANDBOXING = YES;
				GCC_C_LANGUAGE_STANDARD = gnu17;
				GCC_NO_COMMON_BLOCKS = YES;
				GCC_WARN_64_TO_32_BIT_CONVERSION = YES;
				GCC_WARN_ABOUT_RETURN_TYPE = YES_ERROR;
				GCC_WARN_UNDECLARED_SELECTOR = YES;
				GCC_WARN_UNINITIALIZED_AUTOS = YES_AGGRESSIVE;
				GCC_WARN_UNUSED_FUNCTION = YES;
				GCC_WARN_UNUSED_VARIABLE = YES;
				LOCALIZATION_PREFERS_STRING_CATALOGS = YES;
				MACOSX_DEPLOYMENT_TARGET = 14.5;
				MTL_ENABLE_DEBUG_INFO = NO;
				MTL_FAST_MATH = YES;
				SDKROOT = macosx;
				SWIFT_COMPILATION_MODE = wholemodule;
			};
			name = Release;
		};
		262FEC942D7C5F6C00FCDB66 /* Debug */ = {
			isa = XCBuildConfiguration;
			buildSettings = {
				ASSETCATALOG_COMPILER_APPICON_NAME = AppIcon;
				ASSETCATALOG_COMPILER_GLOBAL_ACCENT_COLOR_NAME = AccentColor;
				CODE_SIGN_ENTITLEMENTS = TestZoomAndFullScreen15_4/TestZoomAndFullScreen15_4.entitlements;
				CODE_SIGN_STYLE = Automatic;
				COMBINE_HIDPI_IMAGES = YES;
				CURRENT_PROJECT_VERSION = 1;
				DEVELOPMENT_TEAM = P8TSSKQDC4;
				ENABLE_HARDENED_RUNTIME = YES;
				GENERATE_INFOPLIST_FILE = YES;
				INFOPLIST_KEY_NSHumanReadableCopyright = "";
				INFOPLIST_KEY_NSMainNibFile = MainMenu;
				INFOPLIST_KEY_NSPrincipalClass = NSApplication;
				LD_RUNPATH_SEARCH_PATHS = (
					"$(inherited)",
					"@executable_path/../Frameworks",
				);
				MARKETING_VERSION = 1.0;
				PRODUCT_BUNDLE_IDENTIFIER = "de.legoEsprit.TestZoomAndFullScreen15-4";
				PRODUCT_NAME = "$(TARGET_NAME)";
				SWIFT_EMIT_LOC_STRINGS = YES;
				SWIFT_VERSION = 5.0;
			};
			name = Debug;
		};
		262FEC952D7C5F6C00FCDB66 /* Release */ = {
			isa = XCBuildConfiguration;
			buildSettings = {
				ASSETCATALOG_COMPILER_APPICON_NAME = AppIcon;
				ASSETCATALOG_COMPILER_GLOBAL_ACCENT_COLOR_NAME = AccentColor;
				CODE_SIGN_ENTITLEMENTS = TestZoomAndFullScreen15_4/TestZoomAndFullScreen15_4.entitlements;
				CODE_SIGN_STYLE = Automatic;
				COMBINE_HIDPI_IMAGES = YES;
				CURRENT_PROJECT_VERSION = 1;
				DEVELOPMENT_TEAM = P8TSSKQDC4;
				ENABLE_HARDENED_RUNTIME = YES;
				GENERATE_INFOPLIST_FILE = YES;
				INFOPLIST_KEY_NSHumanReadableCopyright = "";
				INFOPLIST_KEY_NSMainNibFile = MainMenu;
				INFOPLIST_KEY_NSPrincipalClass = NSApplication;
				LD_RUNPATH_SEARCH_PATHS = (
					"$(inherited)",
					"@executable_path/../Frameworks",
				);
				MARKETING_VERSION = 1.0;
				PRODUCT_BUNDLE_IDENTIFIER = "de.legoEsprit.TestZoomAndFullScreen15-4";
				PRODUCT_NAME = "$(TARGET_NAME)";
				SWIFT_EMIT_LOC_STRINGS = YES;
				SWIFT_VERSION = 5.0;
			};
			name = Release;
		};
/* End XCBuildConfiguration section */

/* Begin XCConfigurationList section */
		262FEC6B2D7C5F6B00FCDB66 /* Build configuration list for PBXProject "TestZoomAndFullScreen15_4" */ = {
			isa = XCConfigurationList;
			buildConfigurations = (
				262FEC912D7C5F6C00FCDB66 /* Debug */,
				262FEC922D7C5F6C00FCDB66 /* Release */,
			);
			defaultConfigurationIsVisible = 0;
			defaultConfigurationName = Release;
		};
		262FEC932D7C5F6C00FCDB66 /* Build configuration list for PBXNativeTarget "TestZoomAndFullScreen15_4" */ = {
			isa = XCConfigurationList;
			buildConfigurations = (
				262FEC942D7C5F6C00FCDB66 /* Debug */,
				262FEC952D7C5F6C00FCDB66 /* Release */,
			);
			defaultConfigurationIsVisible = 0;
			defaultConfigurationName = Release;
		};
/* End XCConfigurationList section */
	};
	rootObject = 262FEC682D7C5F6B00FCDB66 /* Project object */;
}
